// !$*UTF8*$!
{
	archiveVersion = 1;
	classes = {
	};
	objectVersion = 46;
	objects = {

/* Begin PBXBuildFile section */
		4A524CD71C90411F00CF4096 /* RYAppCell.swift in Sources */ = {isa = PBXBuildFile; fileRef = 4A524CD61C90411F00CF4096 /* RYAppCell.swift */; };
		4A77AAD41C8EB16300ED76EF /* AppDelegate.swift in Sources */ = {isa = PBXBuildFile; fileRef = 4A77AAD31C8EB16300ED76EF /* AppDelegate.swift */; };
		4A77AADB1C8EB16300ED76EF /* Assets.xcassets in Resources */ = {isa = PBXBuildFile; fileRef = 4A77AADA1C8EB16300ED76EF /* Assets.xcassets */; };
		4A77AADE1C8EB16300ED76EF /* LaunchScreen.storyboard in Resources */ = {isa = PBXBuildFile; fileRef = 4A77AADC1C8EB16300ED76EF /* LaunchScreen.storyboard */; };
		4A77AAF01C8EB1FE00ED76EF /* NotificationCenter.framework in Frameworks */ = {isa = PBXBuildFile; fileRef = 4A77AAEF1C8EB1FE00ED76EF /* NotificationCenter.framework */; };
		4A77AAF31C8EB1FE00ED76EF /* TodayViewController.swift in Sources */ = {isa = PBXBuildFile; fileRef = 4A77AAF21C8EB1FE00ED76EF /* TodayViewController.swift */; };
		4A77AAF61C8EB1FE00ED76EF /* MainInterface.storyboard in Resources */ = {isa = PBXBuildFile; fileRef = 4A77AAF41C8EB1FE00ED76EF /* MainInterface.storyboard */; };
		4A77AAFA1C8EB1FE00ED76EF /* EstQuickAppExtension.appex in Embed App Extensions */ = {isa = PBXBuildFile; fileRef = 4A77AAED1C8EB1FE00ED76EF /* EstQuickAppExtension.appex */; settings = {ATTRIBUTES = (RemoveHeadersOnCopy, ); }; };
		4A77AB101C8EB5A500ED76EF /* RYMainNaviVC.swift in Sources */ = {isa = PBXBuildFile; fileRef = 4A77AB0F1C8EB5A500ED76EF /* RYMainNaviVC.swift */; };
		4A77AB121C8EB5F800ED76EF /* RYTabVC.swift in Sources */ = {isa = PBXBuildFile; fileRef = 4A77AB111C8EB5F800ED76EF /* RYTabVC.swift */; };
		4A77AB141C8EB66E00ED76EF /* RYOptionTBVC.swift in Sources */ = {isa = PBXBuildFile; fileRef = 4A77AB131C8EB66E00ED76EF /* RYOptionTBVC.swift */; };
		4A77AB161C8EB68300ED76EF /* RYDeskTopVC.swift in Sources */ = {isa = PBXBuildFile; fileRef = 4A77AB151C8EB68300ED76EF /* RYDeskTopVC.swift */; };
		4A77AB181C8EC63100ED76EF /* RYOptionCell.swift in Sources */ = {isa = PBXBuildFile; fileRef = 4A77AB171C8EC63100ED76EF /* RYOptionCell.swift */; };
		4A77AB1D1C8EF71400ED76EF /* OptionMainView.plist in Resources */ = {isa = PBXBuildFile; fileRef = 4A77AB1C1C8EF71400ED76EF /* OptionMainView.plist */; };
		4A77AB201C8EF91300ED76EF /* RYOptionModel.swift in Sources */ = {isa = PBXBuildFile; fileRef = 4A77AB1F1C8EF91300ED76EF /* RYOptionModel.swift */; };
		4A7B58271C93BDCB000D47A4 /* RYAppEditVC.swift in Sources */ = {isa = PBXBuildFile; fileRef = 4A7B58261C93BDCB000D47A4 /* RYAppEditVC.swift */; };
		4AC1D8921C92628800589640 /* EstSharedKit.h in Headers */ = {isa = PBXBuildFile; fileRef = 4AC1D8911C92628800589640 /* EstSharedKit.h */; settings = {ATTRIBUTES = (Public, ); }; };
		4AC1D8961C92628800589640 /* EstSharedKit.framework in Frameworks */ = {isa = PBXBuildFile; fileRef = 4AC1D88F1C92628800589640 /* EstSharedKit.framework */; };
		4AC1D8971C92628800589640 /* EstSharedKit.framework in Embed Frameworks */ = {isa = PBXBuildFile; fileRef = 4AC1D88F1C92628800589640 /* EstSharedKit.framework */; settings = {ATTRIBUTES = (CodeSignOnCopy, RemoveHeadersOnCopy, ); }; };
		4AC1D89E1C92637300589640 /* EstSharedKit.framework in Frameworks */ = {isa = PBXBuildFile; fileRef = 4AC1D88F1C92628800589640 /* EstSharedKit.framework */; };
		4AC1D8AE1C92696100589640 /* Global.swift in Sources */ = {isa = PBXBuildFile; fileRef = 4AC1D8AA1C92693B00589640 /* Global.swift */; };
		4AC1D8AF1C92696100589640 /* UIColor+Extension.swift in Sources */ = {isa = PBXBuildFile; fileRef = 4AC1D8AB1C92693B00589640 /* UIColor+Extension.swift */; };
		4AC1D8B21C92B94800589640 /* AppList.plist in Resources */ = {isa = PBXBuildFile; fileRef = 4AC1D8B11C92B94800589640 /* AppList.plist */; };
		4AC1D8B41C92D54F00589640 /* RYApp.swift in Sources */ = {isa = PBXBuildFile; fileRef = 4AC1D8B31C92D54F00589640 /* RYApp.swift */; };
		4AC1D8B61C92D63A00589640 /* RYAppCellInside.swift in Sources */ = {isa = PBXBuildFile; fileRef = 4AC1D8B51C92D63A00589640 /* RYAppCellInside.swift */; };
		952D2384B14DAECA73511F9E /* Pods.framework in Frameworks */ = {isa = PBXBuildFile; fileRef = 742FA146E6E51279B66F34BB /* Pods.framework */; };
/* End PBXBuildFile section */

/* Begin PBXContainerItemProxy section */
		4A77AAF81C8EB1FE00ED76EF /* PBXContainerItemProxy */ = {
			isa = PBXContainerItemProxy;
			containerPortal = 4A77AAC81C8EB16300ED76EF /* Project object */;
			proxyType = 1;
			remoteGlobalIDString = 4A77AAEC1C8EB1FE00ED76EF;
			remoteInfo = EstQuickAppExtension;
		};
		4AC1D8941C92628800589640 /* PBXContainerItemProxy */ = {
			isa = PBXContainerItemProxy;
			containerPortal = 4A77AAC81C8EB16300ED76EF /* Project object */;
			proxyType = 1;
			remoteGlobalIDString = 4AC1D88E1C92628800589640;
			remoteInfo = EstSharedKit;
		};
/* End PBXContainerItemProxy section */

/* Begin PBXCopyFilesBuildPhase section */
		4A77AAFE1C8EB1FE00ED76EF /* Embed App Extensions */ = {
			isa = PBXCopyFilesBuildPhase;
			buildActionMask = 2147483647;
			dstPath = "";
			dstSubfolderSpec = 13;
			files = (
				4A77AAFA1C8EB1FE00ED76EF /* EstQuickAppExtension.appex in Embed App Extensions */,
			);
			name = "Embed App Extensions";
			runOnlyForDeploymentPostprocessing = 0;
		};
		4AC1D89B1C92628800589640 /* Embed Frameworks */ = {
			isa = PBXCopyFilesBuildPhase;
			buildActionMask = 2147483647;
			dstPath = "";
			dstSubfolderSpec = 10;
			files = (
				4AC1D8971C92628800589640 /* EstSharedKit.framework in Embed Frameworks */,
			);
			name = "Embed Frameworks";
			runOnlyForDeploymentPostprocessing = 0;
		};
/* End PBXCopyFilesBuildPhase section */

/* Begin PBXFileReference section */
		4A524CD61C90411F00CF4096 /* RYAppCell.swift */ = {isa = PBXFileReference; fileEncoding = 4; lastKnownFileType = sourcecode.swift; path = RYAppCell.swift; sourceTree = "<group>"; };
		4A77AAD01C8EB16300ED76EF /* Est.app */ = {isa = PBXFileReference; explicitFileType = wrapper.application; includeInIndex = 0; path = Est.app; sourceTree = BUILT_PRODUCTS_DIR; };
		4A77AAD31C8EB16300ED76EF /* AppDelegate.swift */ = {isa = PBXFileReference; lastKnownFileType = sourcecode.swift; path = AppDelegate.swift; sourceTree = "<group>"; };
		4A77AADA1C8EB16300ED76EF /* Assets.xcassets */ = {isa = PBXFileReference; lastKnownFileType = folder.assetcatalog; path = Assets.xcassets; sourceTree = "<group>"; };
		4A77AADD1C8EB16300ED76EF /* Base */ = {isa = PBXFileReference; lastKnownFileType = file.storyboard; name = Base; path = Base.lproj/LaunchScreen.storyboard; sourceTree = "<group>"; };
		4A77AADF1C8EB16300ED76EF /* Info.plist */ = {isa = PBXFileReference; lastKnownFileType = text.plist.xml; path = Info.plist; sourceTree = "<group>"; };
		4A77AAED1C8EB1FE00ED76EF /* EstQuickAppExtension.appex */ = {isa = PBXFileReference; explicitFileType = "wrapper.app-extension"; includeInIndex = 0; path = EstQuickAppExtension.appex; sourceTree = BUILT_PRODUCTS_DIR; };
		4A77AAEF1C8EB1FE00ED76EF /* NotificationCenter.framework */ = {isa = PBXFileReference; lastKnownFileType = wrapper.framework; name = NotificationCenter.framework; path = System/Library/Frameworks/NotificationCenter.framework; sourceTree = SDKROOT; };
		4A77AAF21C8EB1FE00ED76EF /* TodayViewController.swift */ = {isa = PBXFileReference; lastKnownFileType = sourcecode.swift; path = TodayViewController.swift; sourceTree = "<group>"; };
		4A77AAF51C8EB1FE00ED76EF /* Base */ = {isa = PBXFileReference; lastKnownFileType = file.storyboard; name = Base; path = Base.lproj/MainInterface.storyboard; sourceTree = "<group>"; };
		4A77AAF71C8EB1FE00ED76EF /* Info.plist */ = {isa = PBXFileReference; lastKnownFileType = text.plist.xml; path = Info.plist; sourceTree = "<group>"; };
		4A77AB0F1C8EB5A500ED76EF /* RYMainNaviVC.swift */ = {isa = PBXFileReference; fileEncoding = 4; lastKnownFileType = sourcecode.swift; path = RYMainNaviVC.swift; sourceTree = "<group>"; };
		4A77AB111C8EB5F800ED76EF /* RYTabVC.swift */ = {isa = PBXFileReference; fileEncoding = 4; lastKnownFileType = sourcecode.swift; path = RYTabVC.swift; sourceTree = "<group>"; };
		4A77AB131C8EB66E00ED76EF /* RYOptionTBVC.swift */ = {isa = PBXFileReference; fileEncoding = 4; lastKnownFileType = sourcecode.swift; path = RYOptionTBVC.swift; sourceTree = "<group>"; };
		4A77AB151C8EB68300ED76EF /* RYDeskTopVC.swift */ = {isa = PBXFileReference; fileEncoding = 4; lastKnownFileType = sourcecode.swift; path = RYDeskTopVC.swift; sourceTree = "<group>"; };
		4A77AB171C8EC63100ED76EF /* RYOptionCell.swift */ = {isa = PBXFileReference; fileEncoding = 4; lastKnownFileType = sourcecode.swift; path = RYOptionCell.swift; sourceTree = "<group>"; };
		4A77AB1C1C8EF71400ED76EF /* OptionMainView.plist */ = {isa = PBXFileReference; fileEncoding = 4; lastKnownFileType = text.plist.xml; path = OptionMainView.plist; sourceTree = "<group>"; };
		4A77AB1F1C8EF91300ED76EF /* RYOptionModel.swift */ = {isa = PBXFileReference; fileEncoding = 4; lastKnownFileType = sourcecode.swift; path = RYOptionModel.swift; sourceTree = "<group>"; };
		4A7B58261C93BDCB000D47A4 /* RYAppEditVC.swift */ = {isa = PBXFileReference; fileEncoding = 4; lastKnownFileType = sourcecode.swift; path = RYAppEditVC.swift; sourceTree = "<group>"; };
		4AC1D8881C9261EB00589640 /* Est.entitlements */ = {isa = PBXFileReference; lastKnownFileType = text.xml; path = Est.entitlements; sourceTree = "<group>"; };
		4AC1D8891C92624E00589640 /* EstQuickAppExtension.entitlements */ = {isa = PBXFileReference; lastKnownFileType = text.xml; path = EstQuickAppExtension.entitlements; sourceTree = "<group>"; };
		4AC1D88F1C92628800589640 /* EstSharedKit.framework */ = {isa = PBXFileReference; explicitFileType = wrapper.framework; includeInIndex = 0; path = EstSharedKit.framework; sourceTree = BUILT_PRODUCTS_DIR; };
		4AC1D8911C92628800589640 /* EstSharedKit.h */ = {isa = PBXFileReference; lastKnownFileType = sourcecode.c.h; path = EstSharedKit.h; sourceTree = "<group>"; };
		4AC1D8931C92628800589640 /* Info.plist */ = {isa = PBXFileReference; lastKnownFileType = text.plist.xml; path = Info.plist; sourceTree = "<group>"; };
		4AC1D8AA1C92693B00589640 /* Global.swift */ = {isa = PBXFileReference; fileEncoding = 4; lastKnownFileType = sourcecode.swift; path = Global.swift; sourceTree = "<group>"; };
		4AC1D8AB1C92693B00589640 /* UIColor+Extension.swift */ = {isa = PBXFileReference; fileEncoding = 4; lastKnownFileType = sourcecode.swift; path = "UIColor+Extension.swift"; sourceTree = "<group>"; };
		4AC1D8B11C92B94800589640 /* AppList.plist */ = {isa = PBXFileReference; fileEncoding = 4; lastKnownFileType = text.plist.xml; path = AppList.plist; sourceTree = "<group>"; };
		4AC1D8B31C92D54F00589640 /* RYApp.swift */ = {isa = PBXFileReference; fileEncoding = 4; lastKnownFileType = sourcecode.swift; path = RYApp.swift; sourceTree = "<group>"; };
		4AC1D8B51C92D63A00589640 /* RYAppCellInside.swift */ = {isa = PBXFileReference; fileEncoding = 4; lastKnownFileType = sourcecode.swift; path = RYAppCellInside.swift; sourceTree = "<group>"; };
		742FA146E6E51279B66F34BB /* Pods.framework */ = {isa = PBXFileReference; explicitFileType = wrapper.framework; includeInIndex = 0; path = Pods.framework; sourceTree = BUILT_PRODUCTS_DIR; };
		BE94AC125932A28326E49E65 /* Pods.debug.xcconfig */ = {isa = PBXFileReference; includeInIndex = 1; lastKnownFileType = text.xcconfig; name = Pods.debug.xcconfig; path = "Pods/Target Support Files/Pods/Pods.debug.xcconfig"; sourceTree = "<group>"; };
		D366E7E9C37EA7A4AA9DF69B /* Pods.release.xcconfig */ = {isa = PBXFileReference; includeInIndex = 1; lastKnownFileType = text.xcconfig; name = Pods.release.xcconfig; path = "Pods/Target Support Files/Pods/Pods.release.xcconfig"; sourceTree = "<group>"; };
/* End PBXFileReference section */

/* Begin PBXFrameworksBuildPhase section */
		4A77AACD1C8EB16300ED76EF /* Frameworks */ = {
			isa = PBXFrameworksBuildPhase;
			buildActionMask = 2147483647;
			files = (
				952D2384B14DAECA73511F9E /* Pods.framework in Frameworks */,
				4AC1D8961C92628800589640 /* EstSharedKit.framework in Frameworks */,
			);
			runOnlyForDeploymentPostprocessing = 0;
		};
		4A77AAEA1C8EB1FE00ED76EF /* Frameworks */ = {
			isa = PBXFrameworksBuildPhase;
			buildActionMask = 2147483647;
			files = (
				4AC1D89E1C92637300589640 /* EstSharedKit.framework in Frameworks */,
				4A77AAF01C8EB1FE00ED76EF /* NotificationCenter.framework in Frameworks */,
			);
			runOnlyForDeploymentPostprocessing = 0;
		};
		4AC1D88B1C92628800589640 /* Frameworks */ = {
			isa = PBXFrameworksBuildPhase;
			buildActionMask = 2147483647;
			files = (
			);
			runOnlyForDeploymentPostprocessing = 0;
		};
/* End PBXFrameworksBuildPhase section */

/* Begin PBXGroup section */
		4A524CD51C9040FA00CF4096 /* View */ = {
			isa = PBXGroup;
			children = (
				4A524CD61C90411F00CF4096 /* RYAppCell.swift */,
			);
			name = View;
			sourceTree = "<group>";
		};
		4A77AAC71C8EB16300ED76EF = {
			isa = PBXGroup;
			children = (
				4A77AAD21C8EB16300ED76EF /* Est */,
				4A77AAF11C8EB1FE00ED76EF /* EstQuickAppExtension */,
				4AC1D8901C92628800589640 /* EstSharedKit */,
				4A77AAEE1C8EB1FE00ED76EF /* Frameworks */,
				4A77AAD11C8EB16300ED76EF /* Products */,
				DB61EA8A235EE1C9FEAC80F8 /* Pods */,
			);
			sourceTree = "<group>";
		};
		4A77AAD11C8EB16300ED76EF /* Products */ = {
			isa = PBXGroup;
			children = (
				4A77AAD01C8EB16300ED76EF /* Est.app */,
				4A77AAED1C8EB1FE00ED76EF /* EstQuickAppExtension.appex */,
				4AC1D88F1C92628800589640 /* EstSharedKit.framework */,
			);
			name = Products;
			sourceTree = "<group>";
		};
		4A77AAD21C8EB16300ED76EF /* Est */ = {
			isa = PBXGroup;
			children = (
				4AC1D8881C9261EB00589640 /* Est.entitlements */,
				4A77AAD31C8EB16300ED76EF /* AppDelegate.swift */,
				4A77AB1B1C8EF6D700ED76EF /* Other */,
				4A77AAFF1C8EB3D500ED76EF /* Classes */,
				4A77AADA1C8EB16300ED76EF /* Assets.xcassets */,
				4A77AADC1C8EB16300ED76EF /* LaunchScreen.storyboard */,
				4A77AADF1C8EB16300ED76EF /* Info.plist */,
			);
			path = Est;
			sourceTree = "<group>";
		};
		4A77AAEE1C8EB1FE00ED76EF /* Frameworks */ = {
			isa = PBXGroup;
			children = (
				4A77AAEF1C8EB1FE00ED76EF /* NotificationCenter.framework */,
				742FA146E6E51279B66F34BB /* Pods.framework */,
			);
			name = Frameworks;
			sourceTree = "<group>";
		};
		4A77AAF11C8EB1FE00ED76EF /* EstQuickAppExtension */ = {
			isa = PBXGroup;
			children = (
				4AC1D8891C92624E00589640 /* EstQuickAppExtension.entitlements */,
				4A524CD51C9040FA00CF4096 /* View */,
				4A77AAF21C8EB1FE00ED76EF /* TodayViewController.swift */,
				4A77AAF41C8EB1FE00ED76EF /* MainInterface.storyboard */,
				4A77AAF71C8EB1FE00ED76EF /* Info.plist */,
			);
			path = EstQuickAppExtension;
			sourceTree = "<group>";
		};
		4A77AAFF1C8EB3D500ED76EF /* Classes */ = {
			isa = PBXGroup;
			children = (
				4A77AB0B1C8EB4C500ED76EF /* Main */,
				4A77AB001C8EB3D500ED76EF /* EstDesktop */,
				4A77AB041C8EB3D500ED76EF /* Option */,
			);
			path = Classes;
			sourceTree = "<group>";
		};
		4A77AB001C8EB3D500ED76EF /* EstDesktop */ = {
			isa = PBXGroup;
			children = (
				4A77AB011C8EB3D500ED76EF /* Controller */,
				4A77AB021C8EB3D500ED76EF /* Model */,
				4A77AB031C8EB3D500ED76EF /* View */,
			);
			path = EstDesktop;
			sourceTree = "<group>";
		};
		4A77AB011C8EB3D500ED76EF /* Controller */ = {
			isa = PBXGroup;
			children = (
				4A77AB151C8EB68300ED76EF /* RYDeskTopVC.swift */,
			);
			path = Controller;
			sourceTree = "<group>";
		};
		4A77AB021C8EB3D500ED76EF /* Model */ = {
			isa = PBXGroup;
			children = (
				4AC1D8B11C92B94800589640 /* AppList.plist */,
				4AC1D8B31C92D54F00589640 /* RYApp.swift */,
			);
			path = Model;
			sourceTree = "<group>";
		};
		4A77AB031C8EB3D500ED76EF /* View */ = {
			isa = PBXGroup;
			children = (
				4AC1D8B51C92D63A00589640 /* RYAppCellInside.swift */,
				4A7B58261C93BDCB000D47A4 /* RYAppEditVC.swift */,
			);
			path = View;
			sourceTree = "<group>";
		};
		4A77AB041C8EB3D500ED76EF /* Option */ = {
			isa = PBXGroup;
			children = (
				4A77AB051C8EB3D500ED76EF /* Controller */,
				4A77AB061C8EB3D500ED76EF /* Model */,
				4A77AB071C8EB3D500ED76EF /* View */,
			);
			path = Option;
			sourceTree = "<group>";
		};
		4A77AB051C8EB3D500ED76EF /* Controller */ = {
			isa = PBXGroup;
			children = (
				4A77AB131C8EB66E00ED76EF /* RYOptionTBVC.swift */,
			);
			path = Controller;
			sourceTree = "<group>";
		};
		4A77AB061C8EB3D500ED76EF /* Model */ = {
			isa = PBXGroup;
			children = (
				4A77AB1F1C8EF91300ED76EF /* RYOptionModel.swift */,
			);
			path = Model;
			sourceTree = "<group>";
		};
		4A77AB071C8EB3D500ED76EF /* View */ = {
			isa = PBXGroup;
			children = (
				4A77AB171C8EC63100ED76EF /* RYOptionCell.swift */,
			);
			path = View;
			sourceTree = "<group>";
		};
		4A77AB0B1C8EB4C500ED76EF /* Main */ = {
			isa = PBXGroup;
			children = (
				4AC1D8A91C92693B00589640 /* Tools */,
				4A77AB0C1C8EB4C500ED76EF /* Controller */,
				4A77AB0D1C8EB4C500ED76EF /* Model */,
				4A77AB0E1C8EB4C500ED76EF /* View */,
			);
			path = Main;
			sourceTree = "<group>";
		};
		4A77AB0C1C8EB4C500ED76EF /* Controller */ = {
			isa = PBXGroup;
			children = (
				4A77AB0F1C8EB5A500ED76EF /* RYMainNaviVC.swift */,
				4A77AB111C8EB5F800ED76EF /* RYTabVC.swift */,
			);
			path = Controller;
			sourceTree = "<group>";
		};
		4A77AB0D1C8EB4C500ED76EF /* Model */ = {
			isa = PBXGroup;
			children = (
			);
			path = Model;
			sourceTree = "<group>";
		};
		4A77AB0E1C8EB4C500ED76EF /* View */ = {
			isa = PBXGroup;
			children = (
			);
			path = View;
			sourceTree = "<group>";
		};
		4A77AB1B1C8EF6D700ED76EF /* Other */ = {
			isa = PBXGroup;
			children = (
				4A77AB1C1C8EF71400ED76EF /* OptionMainView.plist */,
			);
			name = Other;
			path = Classes/Other;
			sourceTree = "<group>";
		};
		4AC1D8901C92628800589640 /* EstSharedKit */ = {
			isa = PBXGroup;
			children = (
				4AC1D8911C92628800589640 /* EstSharedKit.h */,
				4AC1D8931C92628800589640 /* Info.plist */,
			);
			path = EstSharedKit;
			sourceTree = "<group>";
		};
		4AC1D8A91C92693B00589640 /* Tools */ = {
			isa = PBXGroup;
			children = (
				4AC1D8B01C926C4500589640 /* Shared */,
			);
			path = Tools;
			sourceTree = "<group>";
		};
		4AC1D8B01C926C4500589640 /* Shared */ = {
			isa = PBXGroup;
			children = (
				4AC1D8AA1C92693B00589640 /* Global.swift */,
				4AC1D8AB1C92693B00589640 /* UIColor+Extension.swift */,
			);
			name = Shared;
			sourceTree = "<group>";
		};
		DB61EA8A235EE1C9FEAC80F8 /* Pods */ = {
			isa = PBXGroup;
			children = (
				BE94AC125932A28326E49E65 /* Pods.debug.xcconfig */,
				D366E7E9C37EA7A4AA9DF69B /* Pods.release.xcconfig */,
			);
			name = Pods;
			sourceTree = "<group>";
		};
/* End PBXGroup section */

/* Begin PBXHeadersBuildPhase section */
		4AC1D88C1C92628800589640 /* Headers */ = {
			isa = PBXHeadersBuildPhase;
			buildActionMask = 2147483647;
			files = (
				4AC1D8921C92628800589640 /* EstSharedKit.h in Headers */,
			);
			runOnlyForDeploymentPostprocessing = 0;
		};
/* End PBXHeadersBuildPhase section */

/* Begin PBXNativeTarget section */
		4A77AACF1C8EB16300ED76EF /* Est */ = {
			isa = PBXNativeTarget;
			buildConfigurationList = 4A77AAE21C8EB16300ED76EF /* Build configuration list for PBXNativeTarget "Est" */;
			buildPhases = (
				6C8DFC6D171C073ADA1743A0 /* Check Pods Manifest.lock */,
				4A77AACC1C8EB16300ED76EF /* Sources */,
				4A77AACD1C8EB16300ED76EF /* Frameworks */,
				4A77AACE1C8EB16300ED76EF /* Resources */,
				4A77AAFE1C8EB1FE00ED76EF /* Embed App Extensions */,
				587D5F96C5CADD8F26C362AC /* Embed Pods Frameworks */,
				B94F972DBD36B8724428976F /* Copy Pods Resources */,
				4AC1D89B1C92628800589640 /* Embed Frameworks */,
			);
			buildRules = (
			);
			dependencies = (
				4A77AAF91C8EB1FE00ED76EF /* PBXTargetDependency */,
				4AC1D8951C92628800589640 /* PBXTargetDependency */,
			);
			name = Est;
			productName = Est;
			productReference = 4A77AAD01C8EB16300ED76EF /* Est.app */;
			productType = "com.apple.product-type.application";
		};
		4A77AAEC1C8EB1FE00ED76EF /* EstQuickAppExtension */ = {
			isa = PBXNativeTarget;
			buildConfigurationList = 4A77AAFB1C8EB1FE00ED76EF /* Build configuration list for PBXNativeTarget "EstQuickAppExtension" */;
			buildPhases = (
				4A77AAE91C8EB1FE00ED76EF /* Sources */,
				4A77AAEA1C8EB1FE00ED76EF /* Frameworks */,
				4A77AAEB1C8EB1FE00ED76EF /* Resources */,
			);
			buildRules = (
			);
			dependencies = (
			);
			name = EstQuickAppExtension;
			productName = EstQuickAppExtension;
			productReference = 4A77AAED1C8EB1FE00ED76EF /* EstQuickAppExtension.appex */;
			productType = "com.apple.product-type.app-extension";
		};
		4AC1D88E1C92628800589640 /* EstSharedKit */ = {
			isa = PBXNativeTarget;
			buildConfigurationList = 4AC1D8981C92628800589640 /* Build configuration list for PBXNativeTarget "EstSharedKit" */;
			buildPhases = (
				4AC1D88A1C92628800589640 /* Sources */,
				4AC1D88B1C92628800589640 /* Frameworks */,
				4AC1D88C1C92628800589640 /* Headers */,
				4AC1D88D1C92628800589640 /* Resources */,
			);
			buildRules = (
			);
			dependencies = (
			);
			name = EstSharedKit;
			productName = EstSharedKit;
			productReference = 4AC1D88F1C92628800589640 /* EstSharedKit.framework */;
			productType = "com.apple.product-type.framework";
		};
/* End PBXNativeTarget section */

/* Begin PBXProject section */
		4A77AAC81C8EB16300ED76EF /* Project object */ = {
			isa = PBXProject;
			attributes = {
				CLASSPREFIX = RY;
				LastSwiftUpdateCheck = 0720;
				LastUpgradeCheck = 0720;
				ORGANIZATIONNAME = Ryukie;
				TargetAttributes = {
					4A77AACF1C8EB16300ED76EF = {
						CreatedOnToolsVersion = 7.2.1;
						DevelopmentTeam = 9YMD84BE3Z;
						SystemCapabilities = {
							com.apple.ApplicationGroups.iOS = {
								enabled = 1;
							};
						};
					};
					4A77AAEC1C8EB1FE00ED76EF = {
						CreatedOnToolsVersion = 7.2.1;
						DevelopmentTeam = 9YMD84BE3Z;
						SystemCapabilities = {
							com.apple.ApplicationGroups.iOS = {
								enabled = 1;
							};
						};
					};
					4AC1D88E1C92628800589640 = {
						CreatedOnToolsVersion = 7.2.1;
						DevelopmentTeam = 9YMD84BE3Z;
					};
				};
			};
			buildConfigurationList = 4A77AACB1C8EB16300ED76EF /* Build configuration list for PBXProject "Est" */;
			compatibilityVersion = "Xcode 3.2";
			developmentRegion = English;
			hasScannedForEncodings = 0;
			knownRegions = (
				en,
				Base,
			);
			mainGroup = 4A77AAC71C8EB16300ED76EF;
			productRefGroup = 4A77AAD11C8EB16300ED76EF /* Products */;
			projectDirPath = "";
			projectRoot = "";
			targets = (
				4A77AACF1C8EB16300ED76EF /* Est */,
				4A77AAEC1C8EB1FE00ED76EF /* EstQuickAppExtension */,
				4AC1D88E1C92628800589640 /* EstSharedKit */,
			);
		};
/* End PBXProject section */

/* Begin PBXResourcesBuildPhase section */
		4A77AACE1C8EB16300ED76EF /* Resources */ = {
			isa = PBXResourcesBuildPhase;
			buildActionMask = 2147483647;
			files = (
				4AC1D8B21C92B94800589640 /* AppList.plist in Resources */,
				4A77AB1D1C8EF71400ED76EF /* OptionMainView.plist in Resources */,
				4A77AADE1C8EB16300ED76EF /* LaunchScreen.storyboard in Resources */,
				4A77AADB1C8EB16300ED76EF /* Assets.xcassets in Resources */,
			);
			runOnlyForDeploymentPostprocessing = 0;
		};
		4A77AAEB1C8EB1FE00ED76EF /* Resources */ = {
			isa = PBXResourcesBuildPhase;
			buildActionMask = 2147483647;
			files = (
				4A77AAF61C8EB1FE00ED76EF /* MainInterface.storyboard in Resources */,
			);
			runOnlyForDeploymentPostprocessing = 0;
		};
		4AC1D88D1C92628800589640 /* Resources */ = {
			isa = PBXResourcesBuildPhase;
			buildActionMask = 2147483647;
			files = (
			);
			runOnlyForDeploymentPostprocessing = 0;
		};
/* End PBXResourcesBuildPhase section */

/* Begin PBXShellScriptBuildPhase section */
		587D5F96C5CADD8F26C362AC /* Embed Pods Frameworks */ = {
			isa = PBXShellScriptBuildPhase;
			buildActionMask = 2147483647;
			files = (
			);
			inputPaths = (
			);
			name = "Embed Pods Frameworks";
			outputPaths = (
			);
			runOnlyForDeploymentPostprocessing = 0;
			shellPath = /bin/sh;
			shellScript = "\"${SRCROOT}/Pods/Target Support Files/Pods/Pods-frameworks.sh\"\n";
			showEnvVarsInLog = 0;
		};
		6C8DFC6D171C073ADA1743A0 /* Check Pods Manifest.lock */ = {
			isa = PBXShellScriptBuildPhase;
			buildActionMask = 2147483647;
			files = (
			);
			inputPaths = (
			);
			name = "Check Pods Manifest.lock";
			outputPaths = (
			);
			runOnlyForDeploymentPostprocessing = 0;
			shellPath = /bin/sh;
			shellScript = "diff \"${PODS_ROOT}/../Podfile.lock\" \"${PODS_ROOT}/Manifest.lock\" > /dev/null\nif [[ $? != 0 ]] ; then\n    cat << EOM\nerror: The sandbox is not in sync with the Podfile.lock. Run 'pod install' or update your CocoaPods installation.\nEOM\n    exit 1\nfi\n";
			showEnvVarsInLog = 0;
		};
		B94F972DBD36B8724428976F /* Copy Pods Resources */ = {
			isa = PBXShellScriptBuildPhase;
			buildActionMask = 2147483647;
			files = (
			);
			inputPaths = (
			);
			name = "Copy Pods Resources";
			outputPaths = (
			);
			runOnlyForDeploymentPostprocessing = 0;
			shellPath = /bin/sh;
			shellScript = "\"${SRCROOT}/Pods/Target Support Files/Pods/Pods-resources.sh\"\n";
			showEnvVarsInLog = 0;
		};
/* End PBXShellScriptBuildPhase section */

/* Begin PBXSourcesBuildPhase section */
		4A77AACC1C8EB16300ED76EF /* Sources */ = {
			isa = PBXSourcesBuildPhase;
			buildActionMask = 2147483647;
			files = (
				4A77AB141C8EB66E00ED76EF /* RYOptionTBVC.swift in Sources */,
				4A77AB121C8EB5F800ED76EF /* RYTabVC.swift in Sources */,
				4AC1D8B41C92D54F00589640 /* RYApp.swift in Sources */,
				4A77AB161C8EB68300ED76EF /* RYDeskTopVC.swift in Sources */,
				4A77AB101C8EB5A500ED76EF /* RYMainNaviVC.swift in Sources */,
				4A77AB181C8EC63100ED76EF /* RYOptionCell.swift in Sources */,
				4A77AAD41C8EB16300ED76EF /* AppDelegate.swift in Sources */,
				4A77AB201C8EF91300ED76EF /* RYOptionModel.swift in Sources */,
				4AC1D8B61C92D63A00589640 /* RYAppCellInside.swift in Sources */,
				4A7B58271C93BDCB000D47A4 /* RYAppEditVC.swift in Sources */,
			);
			runOnlyForDeploymentPostprocessing = 0;
		};
		4A77AAE91C8EB1FE00ED76EF /* Sources */ = {
			isa = PBXSourcesBuildPhase;
			buildActionMask = 2147483647;
			files = (
				4A524CD71C90411F00CF4096 /* RYAppCell.swift in Sources */,
				4A77AAF31C8EB1FE00ED76EF /* TodayViewController.swift in Sources */,
			);
			runOnlyForDeploymentPostprocessing = 0;
		};
		4AC1D88A1C92628800589640 /* Sources */ = {
			isa = PBXSourcesBuildPhase;
			buildActionMask = 2147483647;
			files = (
				4AC1D8AE1C92696100589640 /* Global.swift in Sources */,
				4AC1D8AF1C92696100589640 /* UIColor+Extension.swift in Sources */,
			);
			runOnlyForDeploymentPostprocessing = 0;
		};
/* End PBXSourcesBuildPhase section */

/* Begin PBXTargetDependency section */
		4A77AAF91C8EB1FE00ED76EF /* PBXTargetDependency */ = {
			isa = PBXTargetDependency;
			target = 4A77AAEC1C8EB1FE00ED76EF /* EstQuickAppExtension */;
			targetProxy = 4A77AAF81C8EB1FE00ED76EF /* PBXContainerItemProxy */;
		};
		4AC1D8951C92628800589640 /* PBXTargetDependency */ = {
			isa = PBXTargetDependency;
			target = 4AC1D88E1C92628800589640 /* EstSharedKit */;
			targetProxy = 4AC1D8941C92628800589640 /* PBXContainerItemProxy */;
		};
/* End PBXTargetDependency section */

/* Begin PBXVariantGroup section */
		4A77AADC1C8EB16300ED76EF /* LaunchScreen.storyboard */ = {
			isa = PBXVariantGroup;
			children = (
				4A77AADD1C8EB16300ED76EF /* Base */,
			);
			name = LaunchScreen.storyboard;
			sourceTree = "<group>";
		};
		4A77AAF41C8EB1FE00ED76EF /* MainInterface.storyboard */ = {
			isa = PBXVariantGroup;
			children = (
				4A77AAF51C8EB1FE00ED76EF /* Base */,
			);
			name = MainInterface.storyboard;
			sourceTree = "<group>";
		};
/* End PBXVariantGroup section */

/* Begin XCBuildConfiguration section */
		4A77AAE01C8EB16300ED76EF /* Debug */ = {
			isa = XCBuildConfiguration;
			buildSettings = {
				ALWAYS_SEARCH_USER_PATHS = NO;
				CLANG_CXX_LANGUAGE_STANDARD = "gnu++0x";
				CLANG_CXX_LIBRARY = "libc++";
				CLANG_ENABLE_MODULES = YES;
				CLANG_ENABLE_OBJC_ARC = YES;
				CLANG_WARN_BOOL_CONVERSION = YES;
				CLANG_WARN_CONSTANT_CONVERSION = YES;
				CLANG_WARN_DIRECT_OBJC_ISA_USAGE = YES_ERROR;
				CLANG_WARN_EMPTY_BODY = YES;
				CLANG_WARN_ENUM_CONVERSION = YES;
				CLANG_WARN_INT_CONVERSION = YES;
				CLANG_WARN_OBJC_ROOT_CLASS = YES_ERROR;
				CLANG_WARN_UNREACHABLE_CODE = YES;
				CLANG_WARN__DUPLICATE_METHOD_MATCH = YES;
				"CODE_SIGN_IDENTITY[sdk=iphoneos*]" = "iPhone Developer";
				COPY_PHASE_STRIP = NO;
				DEBUG_INFORMATION_FORMAT = dwarf;
				ENABLE_STRICT_OBJC_MSGSEND = YES;
				ENABLE_TESTABILITY = YES;
				GCC_C_LANGUAGE_STANDARD = gnu99;
				GCC_DYNAMIC_NO_PIC = NO;
				GCC_NO_COMMON_BLOCKS = YES;
				GCC_OPTIMIZATION_LEVEL = 0;
				GCC_PREPROCESSOR_DEFINITIONS = (
					"DEBUG=1",
					"$(inherited)",
				);
				GCC_WARN_64_TO_32_BIT_CONVERSION = YES;
				GCC_WARN_ABOUT_RETURN_TYPE = YES_ERROR;
				GCC_WARN_UNDECLARED_SELECTOR = YES;
				GCC_WARN_UNINITIALIZED_AUTOS = YES_AGGRESSIVE;
				GCC_WARN_UNUSED_FUNCTION = YES;
				GCC_WARN_UNUSED_VARIABLE = YES;
				IPHONEOS_DEPLOYMENT_TARGET = 9.2;
				MTL_ENABLE_DEBUG_INFO = YES;
				ONLY_ACTIVE_ARCH = YES;
				SDKROOT = iphoneos;
				SWIFT_OPTIMIZATION_LEVEL = "-Onone";
			};
			name = Debug;
		};
		4A77AAE11C8EB16300ED76EF /* Release */ = {
			isa = XCBuildConfiguration;
			buildSettings = {
				ALWAYS_SEARCH_USER_PATHS = NO;
				CLANG_CXX_LANGUAGE_STANDARD = "gnu++0x";
				CLANG_CXX_LIBRARY = "libc++";
				CLANG_ENABLE_MODULES = YES;
				CLANG_ENABLE_OBJC_ARC = YES;
				CLANG_WARN_BOOL_CONVERSION = YES;
				CLANG_WARN_CONSTANT_CONVERSION = YES;
				CLANG_WARN_DIRECT_OBJC_ISA_USAGE = YES_ERROR;
				CLANG_WARN_EMPTY_BODY = YES;
				CLANG_WARN_ENUM_CONVERSION = YES;
				CLANG_WARN_INT_CONVERSION = YES;
				CLANG_WARN_OBJC_ROOT_CLASS = YES_ERROR;
				CLANG_WARN_UNREACHABLE_CODE = YES;
				CLANG_WARN__DUPLICATE_METHOD_MATCH = YES;
				"CODE_SIGN_IDENTITY[sdk=iphoneos*]" = "iPhone Developer";
				COPY_PHASE_STRIP = NO;
				DEBUG_INFORMATION_FORMAT = "dwarf-with-dsym";
				ENABLE_NS_ASSERTIONS = NO;
				ENABLE_STRICT_OBJC_MSGSEND = YES;
				GCC_C_LANGUAGE_STANDARD = gnu99;
				GCC_NO_COMMON_BLOCKS = YES;
				GCC_WARN_64_TO_32_BIT_CONVERSION = YES;
				GCC_WARN_ABOUT_RETURN_TYPE = YES_ERROR;
				GCC_WARN_UNDECLARED_SELECTOR = YES;
				GCC_WARN_UNINITIALIZED_AUTOS = YES_AGGRESSIVE;
				GCC_WARN_UNUSED_FUNCTION = YES;
				GCC_WARN_UNUSED_VARIABLE = YES;
				IPHONEOS_DEPLOYMENT_TARGET = 9.2;
				MTL_ENABLE_DEBUG_INFO = NO;
				SDKROOT = iphoneos;
				VALIDATE_PRODUCT = YES;
			};
			name = Release;
		};
		4A77AAE31C8EB16300ED76EF /* Debug */ = {
			isa = XCBuildConfiguration;
			baseConfigurationReference = BE94AC125932A28326E49E65 /* Pods.debug.xcconfig */;
			buildSettings = {
				ASSETCATALOG_COMPILER_APPICON_NAME = AppIcon;
				CODE_SIGN_ENTITLEMENTS = Est/Est.entitlements;
				CODE_SIGN_IDENTITY = "iPhone Developer";
				"CODE_SIGN_IDENTITY[sdk=iphoneos*]" = "iPhone Developer";
				EMBEDDED_CONTENT_CONTAINS_SWIFT = YES;
				INFOPLIST_FILE = Est/Info.plist;
				LD_RUNPATH_SEARCH_PATHS = "$(inherited) @executable_path/Frameworks";
				PRODUCT_BUNDLE_IDENTIFIER = cn.Ryukie.Est;
				PRODUCT_NAME = "$(TARGET_NAME)";
				PROVISIONING_PROFILE = "";
			};
			name = Debug;
		};
		4A77AAE41C8EB16300ED76EF /* Release */ = {
			isa = XCBuildConfiguration;
			baseConfigurationReference = D366E7E9C37EA7A4AA9DF69B /* Pods.release.xcconfig */;
			buildSettings = {
				ASSETCATALOG_COMPILER_APPICON_NAME = AppIcon;
				CODE_SIGN_ENTITLEMENTS = Est/Est.entitlements;
				CODE_SIGN_IDENTITY = "iPhone Developer";
				"CODE_SIGN_IDENTITY[sdk=iphoneos*]" = "iPhone Developer";
				EMBEDDED_CONTENT_CONTAINS_SWIFT = YES;
				INFOPLIST_FILE = Est/Info.plist;
				LD_RUNPATH_SEARCH_PATHS = "$(inherited) @executable_path/Frameworks";
				PRODUCT_BUNDLE_IDENTIFIER = cn.Ryukie.Est;
				PRODUCT_NAME = "$(TARGET_NAME)";
				PROVISIONING_PROFILE = "";
			};
			name = Release;
		};
		4A77AAFC1C8EB1FE00ED76EF /* Debug */ = {
			isa = XCBuildConfiguration;
			buildSettings = {
				CODE_SIGN_ENTITLEMENTS = EstQuickAppExtension/EstQuickAppExtension.entitlements;
				CODE_SIGN_IDENTITY = "iPhone Developer";
				"CODE_SIGN_IDENTITY[sdk=iphoneos*]" = "iPhone Developer";
				INFOPLIST_FILE = EstQuickAppExtension/Info.plist;
				LD_RUNPATH_SEARCH_PATHS = "$(inherited) @executable_path/Frameworks @executable_path/../../Frameworks";
				PRODUCT_BUNDLE_IDENTIFIER = cn.Ryukie.Est.EstQuickAppExtension;
				PRODUCT_NAME = "$(TARGET_NAME)";
				PROVISIONING_PROFILE = "";
				SKIP_INSTALL = YES;
			};
			name = Debug;
		};
		4A77AAFD1C8EB1FE00ED76EF /* Release */ = {
			isa = XCBuildConfiguration;
			buildSettings = {
				CODE_SIGN_ENTITLEMENTS = EstQuickAppExtension/EstQuickAppExtension.entitlements;
				CODE_SIGN_IDENTITY = "iPhone Developer";
				"CODE_SIGN_IDENTITY[sdk=iphoneos*]" = "iPhone Developer";
				INFOPLIST_FILE = EstQuickAppExtension/Info.plist;
				LD_RUNPATH_SEARCH_PATHS = "$(inherited) @executable_path/Frameworks @executable_path/../../Frameworks";
				PRODUCT_BUNDLE_IDENTIFIER = cn.Ryukie.Est.EstQuickAppExtension;
				PRODUCT_NAME = "$(TARGET_NAME)";
				PROVISIONING_PROFILE = "";
				SKIP_INSTALL = YES;
			};
			name = Release;
		};
		4AC1D8991C92628800589640 /* Debug */ = {
			isa = XCBuildConfiguration;
			buildSettings = {
				APPLICATION_EXTENSION_API_ONLY = YES;
				CODE_SIGN_IDENTITY = "iPhone Developer";
				"CODE_SIGN_IDENTITY[sdk=iphoneos*]" = "iPhone Developer";
				CURRENT_PROJECT_VERSION = 1;
				DEFINES_MODULE = YES;
				DYLIB_COMPATIBILITY_VERSION = 1;
				DYLIB_CURRENT_VERSION = 1;
				DYLIB_INSTALL_NAME_BASE = "@rpath";
				INFOPLIST_FILE = EstSharedKit/Info.plist;
				INSTALL_PATH = "$(LOCAL_LIBRARY_DIR)/Frameworks";
				LD_RUNPATH_SEARCH_PATHS = "$(inherited) @executable_path/Frameworks @loader_path/Frameworks";
				PRODUCT_BUNDLE_IDENTIFIER = cn.Ryukie.EstSharedKit;
				PRODUCT_NAME = "$(TARGET_NAME)";
				SKIP_INSTALL = YES;
				TARGETED_DEVICE_FAMILY = "1,2";
				VERSIONING_SYSTEM = "apple-generic";
				VERSION_INFO_PREFIX = "";
			};
			name = Debug;
		};
		4AC1D89A1C92628800589640 /* Release */ = {
			isa = XCBuildConfiguration;
			buildSettings = {
				APPLICATION_EXTENSION_API_ONLY = YES;
				CODE_SIGN_IDENTITY = "iPhone Developer";
				"CODE_SIGN_IDENTITY[sdk=iphoneos*]" = "iPhone Developer";
				CURRENT_PROJECT_VERSION = 1;
				DEFINES_MODULE = YES;
				DYLIB_COMPATIBILITY_VERSION = 1;
				DYLIB_CURRENT_VERSION = 1;
				DYLIB_INSTALL_NAME_BASE = "@rpath";
				INFOPLIST_FILE = EstSharedKit/Info.plist;
				INSTALL_PATH = "$(LOCAL_LIBRARY_DIR)/Frameworks";
				LD_RUNPATH_SEARCH_PATHS = "$(inherited) @executable_path/Frameworks @loader_path/Frameworks";
				PRODUCT_BUNDLE_IDENTIFIER = cn.Ryukie.EstSharedKit;
				PRODUCT_NAME = "$(TARGET_NAME)";
				SKIP_INSTALL = YES;
				TARGETED_DEVICE_FAMILY = "1,2";
				VERSIONING_SYSTEM = "apple-generic";
				VERSION_INFO_PREFIX = "";
			};
			name = Release;
		};
/* End XCBuildConfiguration section */

/* Begin XCConfigurationList section */
		4A77AACB1C8EB16300ED76EF /* Build configuration list for PBXProject "Est" */ = {
			isa = XCConfigurationList;
			buildConfigurations = (
				4A77AAE01C8EB16300ED76EF /* Debug */,
				4A77AAE11C8EB16300ED76EF /* Release */,
			);
			defaultConfigurationIsVisible = 0;
			defaultConfigurationName = Release;
		};
		4A77AAE21C8EB16300ED76EF /* Build configuration list for PBXNativeTarget "Est" */ = {
			isa = XCConfigurationList;
			buildConfigurations = (
				4A77AAE31C8EB16300ED76EF /* Debug */,
				4A77AAE41C8EB16300ED76EF /* Release */,
			);
			defaultConfigurationIsVisible = 0;
			defaultConfigurationName = Release;
		};
		4A77AAFB1C8EB1FE00ED76EF /* Build configuration list for PBXNativeTarget "EstQuickAppExtension" */ = {
			isa = XCConfigurationList;
			buildConfigurations = (
				4A77AAFC1C8EB1FE00ED76EF /* Debug */,
				4A77AAFD1C8EB1FE00ED76EF /* Release */,
			);
			defaultConfigurationIsVisible = 0;
			defaultConfigurationName = Release;
		};
		4AC1D8981C92628800589640 /* Build configuration list for PBXNativeTarget "EstSharedKit" */ = {
			isa = XCConfigurationList;
			buildConfigurations = (
				4AC1D8991C92628800589640 /* Debug */,
				4AC1D89A1C92628800589640 /* Release */,
			);
			defaultConfigurationIsVisible = 0;
			defaultConfigurationName = Release;
		};
/* End XCConfigurationList section */
	};
	rootObject = 4A77AAC81C8EB16300ED76EF /* Project object */;
}
